
Microsoft Visual Studio Solution File, Format Version 12.00
# Visual Studio Version 17
VisualStudioVersion = 17.10.34607.79
MinimumVisualStudioVersion = 10.0.40219.1
Project("{FAE04EC0-301F-11D3-BF4B-00C04F79EFBC}") = "Avaliacao-LucasDeCarvalhoDosSantos", "Avaliacao-LucasDeCarvalhoDosSantos.csproj", "{03572B28-2B13-4CB3-9384-C398382E07F8}"
EndProject
Global
	GlobalSection(SolutionConfigurationPlatforms) = preSolution
		Debug|Any CPU = Debug|Any CPU
		Release|Any CPU = Release|Any CPU
	EndGlobalSection
	GlobalSection(ProjectConfigurationPlatforms) = postSolution
		{03572B28-2B13-4CB3-9384-C398382E07F8}.Debug|Any CPU.ActiveCfg = Debug|Any CPU
		{03572B28-2B13-4CB3-9384-C398382E07F8}.Debug|Any CPU.Build.0 = Debug|Any CPU
		{03572B28-2B13-4CB3-9384-C398382E07F8}.Release|Any CPU.ActiveCfg = Release|Any CPU
		{03572B28-2B13-4CB3-9384-C398382E07F8}.Release|Any CPU.Build.0 = Release|Any CPU
	EndGlobalSection
	GlobalSection(SolutionProperties) = preSolution
		HideSolutionNode = FALSE
	EndGlobalSection
	GlobalSection(ExtensibilityGlobals) = postSolution
		SolutionGuid = {C12BDE80-0F5E-4BA4-A9F3-84C108B650E6}
	EndGlobalSection
EndGlobal
